# This file is autogenerated, do not edit; changes may be undone by the next 'dep ensure'.


[[projects]]
  branch = "master"
  name = "github.com/hashicorp/errwrap"
  packages = ["."]
  revision = "7554cd9344cec97297fa6649b055a8c98c2a1e55"

[[projects]]
  branch = "master"
  name = "github.com/hashicorp/go-multierror"
  packages = ["."]
  revision = "b7773ae218740a7be65057fc60b366a49b538a44"

[[projects]]
  branch = "master"
  name = "github.com/haya14busa/go-vimlparser"
  packages = [".","ast","go","token"]
  revision = "6c96c660fcd05c64565e1d7bad3691a6810e738d"

[[projects]]
  branch = "master"
  name = "github.com/jbenet/go-context"
  packages = ["io"]
  revision = "d14ea06fba99483203c19d92cfcd13ebe73135f4"

[[projects]]
  branch = "master"
  name = "github.com/mitchellh/go-homedir"
  packages = ["."]
  revision = "b8bc1bf767474819792c23f32d8286a45736f1c6"

[[projects]]
  branch = "master"
  name = "github.com/sergi/go-diff"
  packages = ["diffmatchpatch"]
  revision = "1744e2970ca51c86172c8190fadad617561ed6e7"

[[projects]]
  name = "github.com/src-d/gcfg"
  packages = [".","scanner","token","types"]
  revision = "f187355171c936ac84a82793659ebb4936bc1c23"
  version = "v1.3.0"

[[projects]]
  branch = "master"
  name = "github.com/xanzy/ssh-agent"
  packages = ["."]
  revision = "ba9c9e33906f58169366275e3450db66139a31a9"

[[projects]]
  branch = "master"
  name = "golang.org/x/crypto"
  packages = ["curve25519","ed25519","ed25519/internal/edwards25519","ssh","ssh/agent","ssh/knownhosts"]
  revision = "94eea52f7b742c7cbe0b03b22f0c4c8631ece122"

[[projects]]
  branch = "master"
  name = "golang.org/x/net"
  packages = ["context"]
  revision = "a8b9294777976932365dabb6640cf1468d95c70f"

[[projects]]
  branch = "master"
  name = "golang.org/x/text"
  packages = ["internal/gen","internal/triegen","internal/ucd","transform","unicode/cldr","unicode/norm"]
  revision = "57961680700a5336d15015c8c50686ca5ba362a4"

[[projects]]
  name = "gopkg.in/src-d/go-billy.v3"
  packages = [".","helper/chroot","helper/polyfill","osfs","util"]
  revision = "c329b7bc7b9d24905d2bc1b85bfa29f7ae266314"
  version = "v3.1.0"

[[projects]]
  name = "gopkg.in/src-d/go-git.v4"
  packages = [".","config","internal/revision","plumbing","plumbing/cache","plumbing/filemode","plumbing/format/config","plumbing/format/diff","plumbing/format/gitignore","plumbing/format/idxfile","plumbing/format/index","plumbing/format/objfile","plumbing/format/packfile","plumbing/format/pktline","plumbing/object","plumbing/protocol/packp","plumbing/protocol/packp/capability","plumbing/protocol/packp/sideband","plumbing/revlist","plumbing/storer","plumbing/transport","plumbing/transport/client","plumbing/transport/file","plumbing/transport/git","plumbing/transport/http","plumbing/transport/internal/common","plumbing/transport/server","plumbing/transport/ssh","storage","storage/filesystem","storage/filesystem/internal/dotgit","storage/memory","utils/binary","utils/diff","utils/ioutil","utils/merkletrie","utils/merkletrie/filesystem","utils/merkletrie/index","utils/merkletrie/internal/frame","utils/merkletrie/noder"]
  revision = "f9879dd043f84936a1f8acb8a53b74332a7ae135"
  version = "v4.0.0-rc15"

[[projects]]
  name = "gopkg.in/warnings.v0"
  packages = ["."]
  revision = "ec4a0fea49c7b46c2aeb0b51aac55779c607e52b"
  version = "v0.1.2"

[solve-meta]
  analyzer-name = "dep"
  analyzer-version = 1
  inputs-digest = "08d570a89046dbae04710dcee6b8374c37ab0180a19cd76c4f17b466636155e7"
  solver-name = "gps-cdcl"
  solver-version = 1
